
Microsoft Visual Studio Solution File, Format Version 12.00
# Visual Studio Version 17
VisualStudioVersion = 17.10.34928.147
MinimumVisualStudioVersion = 10.0.40219.1
Project("{FAE04EC0-301F-11D3-BF4B-00C04F79EFBC}") = "KursachAnna", "KursachAnna.csproj", "{9306658F-AA52-4344-BAD4-ACFFE47B41CA}"
EndProject
Global
	GlobalSection(SolutionConfigurationPlatforms) = preSolution
		Debug|Any CPU = Debug|Any CPU
		Release|Any CPU = Release|Any CPU
	EndGlobalSection
	GlobalSection(ProjectConfigurationPlatforms) = postSolution
		{9306658F-AA52-4344-BAD4-ACFFE47B41CA}.Debug|Any CPU.ActiveCfg = Debug|Any CPU
		{9306658F-AA52-4344-BAD4-ACFFE47B41CA}.Debug|Any CPU.Build.0 = Debug|Any CPU
		{9306658F-AA52-4344-BAD4-ACFFE47B41CA}.Release|Any CPU.ActiveCfg = Release|Any CPU
		{9306658F-AA52-4344-BAD4-ACFFE47B41CA}.Release|Any CPU.Build.0 = Release|Any CPU
	EndGlobalSection
	GlobalSection(SolutionProperties) = preSolution
		HideSolutionNode = FALSE
	EndGlobalSection
	GlobalSection(ExtensibilityGlobals) = postSolution
		SolutionGuid = {6D953CFD-D612-40D8-9D54-9D5FB4EF6430}
	EndGlobalSection
EndGlobal
